# This file is automatically @generated by Cargo.
# It is not intended for manual editing.
version = 3

[[package]]
name = "cfg-if"
version = "1.0.0"
source = "registry+https://github.com/rust-lang/crates.io-index"
checksum = "baf1de4339761588bc0619e3cbc0120ee582ebb74b53b4efbf79117bd2da40fd"

[[package]]
name = "rust_lisp"
version = "0.18.0"
source = "registry+https://github.com/rust-lang/crates.io-index"
checksum = "f5c5734eceb60a15465bc85cafe540f454b79e23732bf56f913d081d9ae008ee"
dependencies = [
 "cfg-if",
]

[[package]]
name = "shell"
version = "0.1.0"
dependencies = [
 "rust_lisp",
]
